Microsoft Visual Studio Solution File, Format Version 12.00
# Visual Studio Version 17
VisualStudioVersion = 17.5.2.0
MinimumVisualStudioVersion = 10.0.40219.1
Project("{2150E333-8FDC-42A3-9474-1A3956D46DE8}") = "Back", "Back", "{11BF4459-C332-B9BD-164A-F44681F2EC0B}"
EndProject
Project("{2150E333-8FDC-42A3-9474-1A3956D46DE8}") = "SmartGameCatalog", "SmartGameCatalog", "{844074B0-03CA-D378-6585-6DA8FD9BFA61}"
EndProject
Project("{FAE04EC0-301F-11D3-BF4B-00C04F79EFBC}") = "SmartGameCatalog.API", "Back\SmartGameCatalog\SmartGameCatalog.API\SmartGameCatalog.API.csproj", "{36EB038B-D024-A221-67B0-7FD9565704CC}"
EndProject
Global
	GlobalSection(SolutionConfigurationPlatforms) = preSolution
		Debug|Any CPU = Debug|Any CPU
		Release|Any CPU = Release|Any CPU
	EndGlobalSection
	GlobalSection(ProjectConfigurationPlatforms) = postSolution
		{36EB038B-D024-A221-67B0-7FD9565704CC}.Debug|Any CPU.ActiveCfg = Debug|Any CPU
		{36EB038B-D024-A221-67B0-7FD9565704CC}.Debug|Any CPU.Build.0 = Debug|Any CPU
		{36EB038B-D024-A221-67B0-7FD9565704CC}.Release|Any CPU.ActiveCfg = Release|Any CPU
		{36EB038B-D024-A221-67B0-7FD9565704CC}.Release|Any CPU.Build.0 = Release|Any CPU
	EndGlobalSection
	GlobalSection(SolutionProperties) = preSolution
		HideSolutionNode = FALSE
	EndGlobalSection
	GlobalSection(NestedProjects) = preSolution
		{844074B0-03CA-D378-6585-6DA8FD9BFA61} = {11BF4459-C332-B9BD-164A-F44681F2EC0B}
		{36EB038B-D024-A221-67B0-7FD9565704CC} = {844074B0-03CA-D378-6585-6DA8FD9BFA61}
	EndGlobalSection
	GlobalSection(ExtensibilityGlobals) = postSolution
		SolutionGuid = {A2B7ACED-D776-490D-A499-7573C8330788}
	EndGlobalSection
EndGlobal
